
Microsoft Visual Studio Solution File, Format Version 12.00
# Visual Studio Version 16
VisualStudioVersion = 16.0.30011.22
MinimumVisualStudioVersion = 10.0.40219.1
Project("{FAE04EC0-301F-11D3-BF4B-00C04F79EFBC}") = "aspnetcore", "aspnetcore.csproj", "{91519130-22BF-44D5-8C25-ED9C64361A22}"
EndProject
Global
	GlobalSection(SolutionConfigurationPlatforms) = preSolution
		Debug|Any CPU = Debug|Any CPU
		Release|Any CPU = Release|Any CPU
	EndGlobalSection
	GlobalSection(ProjectConfigurationPlatforms) = postSolution
		{91519130-22BF-44D5-8C25-ED9C64361A22}.Debug|Any CPU.ActiveCfg = Debug|Any CPU
		{91519130-22BF-44D5-8C25-ED9C64361A22}.Debug|Any CPU.Build.0 = Debug|Any CPU
		{91519130-22BF-44D5-8C25-ED9C64361A22}.Release|Any CPU.ActiveCfg = Release|Any CPU
		{91519130-22BF-44D5-8C25-ED9C64361A22}.Release|Any CPU.Build.0 = Release|Any CPU
	EndGlobalSection
	GlobalSection(SolutionProperties) = preSolution
		HideSolutionNode = FALSE
	EndGlobalSection
	GlobalSection(ExtensibilityGlobals) = postSolution
		SolutionGuid = {6DDC9625-DDE1-4247-AA09-71929E39F973}
	EndGlobalSection
EndGlobal
